
Microsoft Visual Studio Solution File, Format Version 12.00
# Visual Studio 15
VisualStudioVersion = 15.0.28010.2046
MinimumVisualStudioVersion = 10.0.40219.1
Project("{FAE04EC0-301F-11D3-BF4B-00C04F79EFBC}") = "RulesEngine", "RuleEngine\RulesEngine.csproj", "{8251AB4C-8F8A-47AA-A4AE-C1FB6776062E}"
EndProject
Project("{FAE04EC0-301F-11D3-BF4B-00C04F79EFBC}") = "RuleEngineTester", "RuleEngineTester\RuleEngineTester.csproj", "{285EE01B-8E04-4B76-9D31-E93FBC32E65A}"
EndProject
Global
	GlobalSection(SolutionConfigurationPlatforms) = preSolution
		Debug|Any CPU = Debug|Any CPU
		Release|Any CPU = Release|Any CPU
	EndGlobalSection
	GlobalSection(ProjectConfigurationPlatforms) = postSolution
		{8251AB4C-8F8A-47AA-A4AE-C1FB6776062E}.Debug|Any CPU.ActiveCfg = Debug|Any CPU
		{8251AB4C-8F8A-47AA-A4AE-C1FB6776062E}.Debug|Any CPU.Build.0 = Debug|Any CPU
		{8251AB4C-8F8A-47AA-A4AE-C1FB6776062E}.Release|Any CPU.ActiveCfg = Release|Any CPU
		{8251AB4C-8F8A-47AA-A4AE-C1FB6776062E}.Release|Any CPU.Build.0 = Release|Any CPU
		{285EE01B-8E04-4B76-9D31-E93FBC32E65A}.Debug|Any CPU.ActiveCfg = Debug|Any CPU
		{285EE01B-8E04-4B76-9D31-E93FBC32E65A}.Debug|Any CPU.Build.0 = Debug|Any CPU
		{285EE01B-8E04-4B76-9D31-E93FBC32E65A}.Release|Any CPU.ActiveCfg = Release|Any CPU
		{285EE01B-8E04-4B76-9D31-E93FBC32E65A}.Release|Any CPU.Build.0 = Release|Any CPU
	EndGlobalSection
	GlobalSection(SolutionProperties) = preSolution
		HideSolutionNode = FALSE
	EndGlobalSection
	GlobalSection(ExtensibilityGlobals) = postSolution
		SolutionGuid = {2C40F03F-37BD-405D-B862-ADE7805843FB}
	EndGlobalSection
EndGlobal
